
Microsoft Visual Studio Solution File, Format Version 11.00
# Visual Studio 2010
Project("{FAE04EC0-301F-11D3-BF4B-00C04F79EFBC}") = "Assembly-CSharp", "Assembly-CSharp.csproj", "{D207473C-7892-B23A-0ED1-0FA093D818BB}"
EndProject
Project("{FAE04EC0-301F-11D3-BF4B-00C04F79EFBC}") = "Zenject", "Zenject.csproj", "{556B4DE7-F973-65BC-F40E-1F83B67EFCA8}"
EndProject
Project("{FAE04EC0-301F-11D3-BF4B-00C04F79EFBC}") = "UniRx", "UniRx.csproj", "{3D360D3E-A67C-0D3D-D0F8-8EF0ADCEB24C}"
EndProject
Project("{FAE04EC0-301F-11D3-BF4B-00C04F79EFBC}") = "UniRx.Examples", "UniRx.Examples.csproj", "{0F1F00D0-40F7-4BE3-99A5-9A12C329C8E3}"
EndProject
Project("{FAE04EC0-301F-11D3-BF4B-00C04F79EFBC}") = "Zenject-PoolMonitor-Editor", "Zenject-PoolMonitor-Editor.csproj", "{0A76CE74-1D1B-DA88-66FB-2A8B5E6CF291}"
EndProject
Project("{FAE04EC0-301F-11D3-BF4B-00C04F79EFBC}") = "Zenject-ReflectionBaking-Editor", "Zenject-ReflectionBaking-Editor.csproj", "{B68CD1A3-82A4-FD50-A460-46B043D50D1E}"
EndProject
Project("{FAE04EC0-301F-11D3-BF4B-00C04F79EFBC}") = "Zenject-Editor", "Zenject-Editor.csproj", "{BE5D090D-3ED6-33AA-07D2-A93474CC4543}"
EndProject
Project("{FAE04EC0-301F-11D3-BF4B-00C04F79EFBC}") = "Zenject-TestFramework", "Zenject-TestFramework.csproj", "{FD815092-59F9-8E5A-D60C-151CCBD38953}"
EndProject
Global
	GlobalSection(SolutionConfigurationPlatforms) = preSolution
		Debug|Any CPU = Debug|Any CPU
		Release|Any CPU = Release|Any CPU
	EndGlobalSection
	GlobalSection(ProjectConfigurationPlatforms) = postSolution
		{D207473C-7892-B23A-0ED1-0FA093D818BB}.Debug|Any CPU.ActiveCfg = Debug|Any CPU
		{D207473C-7892-B23A-0ED1-0FA093D818BB}.Debug|Any CPU.Build.0 = Debug|Any CPU
		{D207473C-7892-B23A-0ED1-0FA093D818BB}.Release|Any CPU.ActiveCfg = Release|Any CPU
		{D207473C-7892-B23A-0ED1-0FA093D818BB}.Release|Any CPU.Build.0 = Release|Any CPU
		{556B4DE7-F973-65BC-F40E-1F83B67EFCA8}.Debug|Any CPU.ActiveCfg = Debug|Any CPU
		{556B4DE7-F973-65BC-F40E-1F83B67EFCA8}.Debug|Any CPU.Build.0 = Debug|Any CPU
		{556B4DE7-F973-65BC-F40E-1F83B67EFCA8}.Release|Any CPU.ActiveCfg = Release|Any CPU
		{556B4DE7-F973-65BC-F40E-1F83B67EFCA8}.Release|Any CPU.Build.0 = Release|Any CPU
		{3D360D3E-A67C-0D3D-D0F8-8EF0ADCEB24C}.Debug|Any CPU.ActiveCfg = Debug|Any CPU
		{3D360D3E-A67C-0D3D-D0F8-8EF0ADCEB24C}.Debug|Any CPU.Build.0 = Debug|Any CPU
		{3D360D3E-A67C-0D3D-D0F8-8EF0ADCEB24C}.Release|Any CPU.ActiveCfg = Release|Any CPU
		{3D360D3E-A67C-0D3D-D0F8-8EF0ADCEB24C}.Release|Any CPU.Build.0 = Release|Any CPU
		{0F1F00D0-40F7-4BE3-99A5-9A12C329C8E3}.Debug|Any CPU.ActiveCfg = Debug|Any CPU
		{0F1F00D0-40F7-4BE3-99A5-9A12C329C8E3}.Debug|Any CPU.Build.0 = Debug|Any CPU
		{0F1F00D0-40F7-4BE3-99A5-9A12C329C8E3}.Release|Any CPU.ActiveCfg = Release|Any CPU
		{0F1F00D0-40F7-4BE3-99A5-9A12C329C8E3}.Release|Any CPU.Build.0 = Release|Any CPU
		{0A76CE74-1D1B-DA88-66FB-2A8B5E6CF291}.Debug|Any CPU.ActiveCfg = Debug|Any CPU
		{0A76CE74-1D1B-DA88-66FB-2A8B5E6CF291}.Debug|Any CPU.Build.0 = Debug|Any CPU
		{0A76CE74-1D1B-DA88-66FB-2A8B5E6CF291}.Release|Any CPU.ActiveCfg = Release|Any CPU
		{0A76CE74-1D1B-DA88-66FB-2A8B5E6CF291}.Release|Any CPU.Build.0 = Release|Any CPU
		{B68CD1A3-82A4-FD50-A460-46B043D50D1E}.Debug|Any CPU.ActiveCfg = Debug|Any CPU
		{B68CD1A3-82A4-FD50-A460-46B043D50D1E}.Debug|Any CPU.Build.0 = Debug|Any CPU
		{B68CD1A3-82A4-FD50-A460-46B043D50D1E}.Release|Any CPU.ActiveCfg = Release|Any CPU
		{B68CD1A3-82A4-FD50-A460-46B043D50D1E}.Release|Any CPU.Build.0 = Release|Any CPU
		{BE5D090D-3ED6-33AA-07D2-A93474CC4543}.Debug|Any CPU.ActiveCfg = Debug|Any CPU
		{BE5D090D-3ED6-33AA-07D2-A93474CC4543}.Debug|Any CPU.Build.0 = Debug|Any CPU
		{BE5D090D-3ED6-33AA-07D2-A93474CC4543}.Release|Any CPU.ActiveCfg = Release|Any CPU
		{BE5D090D-3ED6-33AA-07D2-A93474CC4543}.Release|Any CPU.Build.0 = Release|Any CPU
		{FD815092-59F9-8E5A-D60C-151CCBD38953}.Debug|Any CPU.ActiveCfg = Debug|Any CPU
		{FD815092-59F9-8E5A-D60C-151CCBD38953}.Debug|Any CPU.Build.0 = Debug|Any CPU
		{FD815092-59F9-8E5A-D60C-151CCBD38953}.Release|Any CPU.ActiveCfg = Release|Any CPU
		{FD815092-59F9-8E5A-D60C-151CCBD38953}.Release|Any CPU.Build.0 = Release|Any CPU
	EndGlobalSection
	GlobalSection(SolutionProperties) = preSolution
		HideSolutionNode = FALSE
	EndGlobalSection
EndGlobal
